
Microsoft Visual Studio Solution File, Format Version 12.00
# Visual Studio 14
VisualStudioVersion = 14.0.24720.0
MinimumVisualStudioVersion = 10.0.40219.1
Project("{FAE04EC0-301F-11D3-BF4B-00C04F79EFBC}") = "ArduinoService", "ArduinoService\ArduinoService.csproj", "{75DE9EDF-F6DB-411D-8C6F-77044706067E}"
EndProject
Project("{00D1A9C2-B5F0-4AF3-8072-F6C62B433612}") = "Database", "Database\Database.sqlproj", "{BB926CF1-7C07-44A8-9D28-137E9A68E63C}"
EndProject
Project("{FAE04EC0-301F-11D3-BF4B-00C04F79EFBC}") = "Shared", "Shared\Shared.csproj", "{AAD2F8CE-BFAB-4DC3-943D-EAA5F0461BF8}"
EndProject
Project("{FAE04EC0-301F-11D3-BF4B-00C04F79EFBC}") = "ComputerUsageService", "ComputerUsageService\ComputerUsageService.csproj", "{D9FBE262-F25D-41E2-9805-4E4F76919F6A}"
EndProject
Global
	GlobalSection(SolutionConfigurationPlatforms) = preSolution
		Debug|Any CPU = Debug|Any CPU
		Release|Any CPU = Release|Any CPU
	EndGlobalSection
	GlobalSection(ProjectConfigurationPlatforms) = postSolution
		{75DE9EDF-F6DB-411D-8C6F-77044706067E}.Debug|Any CPU.ActiveCfg = Debug|Any CPU
		{75DE9EDF-F6DB-411D-8C6F-77044706067E}.Debug|Any CPU.Build.0 = Debug|Any CPU
		{75DE9EDF-F6DB-411D-8C6F-77044706067E}.Release|Any CPU.ActiveCfg = Release|Any CPU
		{75DE9EDF-F6DB-411D-8C6F-77044706067E}.Release|Any CPU.Build.0 = Release|Any CPU
		{BB926CF1-7C07-44A8-9D28-137E9A68E63C}.Debug|Any CPU.ActiveCfg = Debug|Any CPU
		{BB926CF1-7C07-44A8-9D28-137E9A68E63C}.Debug|Any CPU.Build.0 = Debug|Any CPU
		{BB926CF1-7C07-44A8-9D28-137E9A68E63C}.Debug|Any CPU.Deploy.0 = Debug|Any CPU
		{BB926CF1-7C07-44A8-9D28-137E9A68E63C}.Release|Any CPU.ActiveCfg = Release|Any CPU
		{BB926CF1-7C07-44A8-9D28-137E9A68E63C}.Release|Any CPU.Build.0 = Release|Any CPU
		{BB926CF1-7C07-44A8-9D28-137E9A68E63C}.Release|Any CPU.Deploy.0 = Release|Any CPU
		{AAD2F8CE-BFAB-4DC3-943D-EAA5F0461BF8}.Debug|Any CPU.ActiveCfg = Debug|Any CPU
		{AAD2F8CE-BFAB-4DC3-943D-EAA5F0461BF8}.Debug|Any CPU.Build.0 = Debug|Any CPU
		{AAD2F8CE-BFAB-4DC3-943D-EAA5F0461BF8}.Release|Any CPU.ActiveCfg = Release|Any CPU
		{AAD2F8CE-BFAB-4DC3-943D-EAA5F0461BF8}.Release|Any CPU.Build.0 = Release|Any CPU
		{D9FBE262-F25D-41E2-9805-4E4F76919F6A}.Debug|Any CPU.ActiveCfg = Debug|Any CPU
		{D9FBE262-F25D-41E2-9805-4E4F76919F6A}.Debug|Any CPU.Build.0 = Debug|Any CPU
		{D9FBE262-F25D-41E2-9805-4E4F76919F6A}.Release|Any CPU.ActiveCfg = Release|Any CPU
		{D9FBE262-F25D-41E2-9805-4E4F76919F6A}.Release|Any CPU.Build.0 = Release|Any CPU
	EndGlobalSection
	GlobalSection(SolutionProperties) = preSolution
		HideSolutionNode = FALSE
	EndGlobalSection
EndGlobal
